
Microsoft Visual Studio Solution File, Format Version 12.00
# Visual Studio Version 16
VisualStudioVersion = 16.0.29306.81
MinimumVisualStudioVersion = 10.0.40219.1
Project("{FAE04EC0-301F-11D3-BF4B-00C04F79EFBC}") = "Searching", "Searching.csproj", "{9C181D51-2EE5-4D32-8606-2D8E8A557418}"
EndProject
Global
	GlobalSection(SolutionConfigurationPlatforms) = preSolution
		Debug|Any CPU = Debug|Any CPU
		Release|Any CPU = Release|Any CPU
	EndGlobalSection
	GlobalSection(ProjectConfigurationPlatforms) = postSolution
		{9C181D51-2EE5-4D32-8606-2D8E8A557418}.Debug|Any CPU.ActiveCfg = Debug|Any CPU
		{9C181D51-2EE5-4D32-8606-2D8E8A557418}.Debug|Any CPU.Build.0 = Debug|Any CPU
		{9C181D51-2EE5-4D32-8606-2D8E8A557418}.Release|Any CPU.ActiveCfg = Release|Any CPU
		{9C181D51-2EE5-4D32-8606-2D8E8A557418}.Release|Any CPU.Build.0 = Release|Any CPU
	EndGlobalSection
	GlobalSection(SolutionProperties) = preSolution
		HideSolutionNode = FALSE
	EndGlobalSection
	GlobalSection(ExtensibilityGlobals) = postSolution
		SolutionGuid = {1082602F-A578-4B40-95F5-F3D838D4EFF5}
	EndGlobalSection
EndGlobal
